{
    "_meta": {
        "hash": {
            "sha256": "e89fd279b36b4132aff0fbb3d7ca20337b6d326db0389664d6a93aaaf30edcc2"
        },
        "pipfile-spec": 6,
        "requires": {
            "python_version": "3.12"
        },
        "sources": [
            {
                "name": "pypi",
                "url": "https://pypi.org/simple",
                "verify_ssl": true
            }
        ]
    },
    "default": {},
    "develop": {
        "astroid": {
            "hashes": [
                "sha256:104fb9cb9b27ea95e847a94c003be03a9e039334a8ebca5ee27dafaf5c5711eb",
                "sha256:c332157953060c6deb9caa57303ae0d20b0fbdb2e59b4a4f2a6ba49d0a7961ce"
            ],
            "markers": "python_full_version >= '3.9.0'",
            "version": "==3.3.10"
        },
        "boto3": {
            "hashes": [
                "sha256:2cb783c668ae4f2a86b6497b47251b9baf9a16db8fff863b57eae683276b9e1f",
                "sha256:a9b4c7021bf5adee985523fc87db27a7200de161c094cb8f709b93a81797dc8a"
            ],
            "index": "pypi",
            "markers": "python_version >= '3.9'",
            "version": "==1.38.42"
        },
        "boto3-stubs": {
            "extras": [
                "dynamodb",
                "essential",
                "iot"
            ],
            "hashes": [
                "sha256:28efa210ab1f0399af4ef10fff6f3b3438c0e5111450293200e33920daf545a9",
                "sha256:9901e3e162fff10580a56fc33634089aa2096ea91256ad157efa835b71b8ebc1"
            ],
            "markers": "python_version >= '3.8'",
            "version": "==1.38.42"
        },
        "botocore": {
            "hashes": [
                "sha256:3a14188e48f6e26be561164373d34150fa9cb39f7ad32cc745dcd3ab05f43683",
                "sha256:fbbeac30c045b5c19f1c3bb063ea2b6315ce2d6fcb3d898e87d1c1846297961c"
            ],
            "markers": "python_version >= '3.9'",
            "version": "==1.38.42"
        },
        "botocore-stubs": {
            "hashes": [
                "sha256:291d7bf39a316c00a8a55b7255489b02c0cea1a343482e7784e8d1e235bae995",
                "sha256:2efb8bdf36504aff596c670d875d8f7dd15205277c15c4cea54afdba8200c266"
            ],
            "markers": "python_version >= '3.8'",
            "version": "==1.38.30"
        },
        "certifi": {
            "hashes": [
                "sha256:2e0c7ce7cb5d8f8634ca55d2ba7e6ec2689a2fd6537d8dec1296a477a4910057",
                "sha256:d747aa5a8b9bbbb1bb8c22bb13e22bd1f18e9796defa16bab421f7f7a317323b"
            ],
            "markers": "python_version >= '3.7'",
            "version": "==2025.6.15"
        },
        "cfgv": {
            "hashes": [
                "sha256:b7265b1f29fd3316bfcd2b330d63d024f2bfd8bcb8b0272f8e19a504856c48f9",
                "sha256:e52591d4c5f5dead8e0f673fb16db7949d2cfb3f7da4582893288f0ded8fe560"
            ],
            "markers": "python_version >= '3.8'",
            "version": "==3.4.0"
        },
        "charset-normalizer": {
            "hashes": [
                "sha256:005fa3432484527f9732ebd315da8da8001593e2cf46a3d817669f062c3d9ed4",
                "sha256:046595208aae0120559a67693ecc65dd75d46f7bf687f159127046628178dc45",
                "sha256:0c29de6a1a95f24b9a1aa7aefd27d2487263f00dfd55a77719b530788f75cff7",
                "sha256:0c8c57f84ccfc871a48a47321cfa49ae1df56cd1d965a09abe84066f6853b9c0",
                "sha256:0f5d9ed7f254402c9e7d35d2f5972c9bbea9040e99cd2861bd77dc68263277c7",
                "sha256:18dd2e350387c87dabe711b86f83c9c78af772c748904d372ade190b5c7c9d4d",
                "sha256:1b1bde144d98e446b056ef98e59c256e9294f6b74d7af6846bf5ffdafd687a7d",
                "sha256:1c95a1e2902a8b722868587c0e1184ad5c55631de5afc0eb96bc4b0d738092c0",
                "sha256:1cad5f45b3146325bb38d6855642f6fd609c3f7cad4dbaf75549bf3b904d3184",
                "sha256:21b2899062867b0e1fde9b724f8aecb1af14f2778d69aacd1a5a1853a597a5db",
                "sha256:24498ba8ed6c2e0b56d4acbf83f2d989720a93b41d712ebd4f4979660db4417b",
                "sha256:25a23ea5c7edc53e0f29bae2c44fcb5a1aa10591aae107f2a2b2583a9c5cbc64",
                "sha256:289200a18fa698949d2b39c671c2cc7a24d44096784e76614899a7ccf2574b7b",
                "sha256:28a1005facc94196e1fb3e82a3d442a9d9110b8434fc1ded7a24a2983c9888d8",
                "sha256:32fc0341d72e0f73f80acb0a2c94216bd704f4f0bce10aedea38f30502b271ff",
                "sha256:36b31da18b8890a76ec181c3cf44326bf2c48e36d393ca1b72b3f484113ea344",
                "sha256:3c21d4fca343c805a52c0c78edc01e3477f6dd1ad7c47653241cf2a206d4fc58",
                "sha256:3fddb7e2c84ac87ac3a947cb4e66d143ca5863ef48e4a5ecb83bd48619e4634e",
                "sha256:43e0933a0eff183ee85833f341ec567c0980dae57c464d8a508e1b2ceb336471",
                "sha256:4a476b06fbcf359ad25d34a057b7219281286ae2477cc5ff5e3f70a246971148",
                "sha256:4e594135de17ab3866138f496755f302b72157d115086d100c3f19370839dd3a",
                "sha256:50bf98d5e563b83cc29471fa114366e6806bc06bc7a25fd59641e41445327836",
                "sha256:5a9979887252a82fefd3d3ed2a8e3b937a7a809f65dcb1e068b090e165bbe99e",
                "sha256:5baececa9ecba31eff645232d59845c07aa030f0c81ee70184a90d35099a0e63",
                "sha256:5bf4545e3b962767e5c06fe1738f951f77d27967cb2caa64c28be7c4563e162c",
                "sha256:6333b3aa5a12c26b2a4d4e7335a28f1475e0e5e17d69d55141ee3cab736f66d1",
                "sha256:65c981bdbd3f57670af8b59777cbfae75364b483fa8a9f420f08094531d54a01",
                "sha256:68a328e5f55ec37c57f19ebb1fdc56a248db2e3e9ad769919a58672958e8f366",
                "sha256:6a0289e4589e8bdfef02a80478f1dfcb14f0ab696b5a00e1f4b8a14a307a3c58",
                "sha256:6b66f92b17849b85cad91259efc341dce9c1af48e2173bf38a85c6329f1033e5",
                "sha256:6c9379d65defcab82d07b2a9dfbfc2e95bc8fe0ebb1b176a3190230a3ef0e07c",
                "sha256:6fc1f5b51fa4cecaa18f2bd7a003f3dd039dd615cd69a2afd6d3b19aed6775f2",
                "sha256:70f7172939fdf8790425ba31915bfbe8335030f05b9913d7ae00a87d4395620a",
                "sha256:721c76e84fe669be19c5791da68232ca2e05ba5185575086e384352e2c309597",
                "sha256:7222ffd5e4de8e57e03ce2cef95a4c43c98fcb72ad86909abdfc2c17d227fc1b",
                "sha256:75d10d37a47afee94919c4fab4c22b9bc2a8bf7d4f46f87363bcf0573f3ff4f5",
                "sha256:76af085e67e56c8816c3ccf256ebd136def2ed9654525348cfa744b6802b69eb",
                "sha256:770cab594ecf99ae64c236bc9ee3439c3f46be49796e265ce0cc8bc17b10294f",
                "sha256:7a6ab32f7210554a96cd9e33abe3ddd86732beeafc7a28e9955cdf22ffadbab0",
                "sha256:7c48ed483eb946e6c04ccbe02c6b4d1d48e51944b6db70f697e089c193404941",
                "sha256:7f56930ab0abd1c45cd15be65cc741c28b1c9a34876ce8c17a2fa107810c0af0",
                "sha256:8075c35cd58273fee266c58c0c9b670947c19df5fb98e7b66710e04ad4e9ff86",
                "sha256:8272b73e1c5603666618805fe821edba66892e2870058c94c53147602eab29c7",
                "sha256:82d8fd25b7f4675d0c47cf95b594d4e7b158aca33b76aa63d07186e13c0e0ab7",
                "sha256:844da2b5728b5ce0e32d863af26f32b5ce61bc4273a9c720a9f3aa9df73b1455",
                "sha256:8755483f3c00d6c9a77f490c17e6ab0c8729e39e6390328e42521ef175380ae6",
                "sha256:915f3849a011c1f593ab99092f3cecfcb4d65d8feb4a64cf1bf2d22074dc0ec4",
                "sha256:926ca93accd5d36ccdabd803392ddc3e03e6d4cd1cf17deff3b989ab8e9dbcf0",
                "sha256:982bb1e8b4ffda883b3d0a521e23abcd6fd17418f6d2c4118d257a10199c0ce3",
                "sha256:98f862da73774290f251b9df8d11161b6cf25b599a66baf087c1ffe340e9bfd1",
                "sha256:9cbfacf36cb0ec2897ce0ebc5d08ca44213af24265bd56eca54bee7923c48fd6",
                "sha256:a370b3e078e418187da8c3674eddb9d983ec09445c99a3a263c2011993522981",
                "sha256:a955b438e62efdf7e0b7b52a64dc5c3396e2634baa62471768a64bc2adb73d5c",
                "sha256:aa6af9e7d59f9c12b33ae4e9450619cf2488e2bbe9b44030905877f0b2324980",
                "sha256:aa88ca0b1932e93f2d961bf3addbb2db902198dca337d88c89e1559e066e7645",
                "sha256:aaeeb6a479c7667fbe1099af9617c83aaca22182d6cf8c53966491a0f1b7ffb7",
                "sha256:aaf27faa992bfee0264dc1f03f4c75e9fcdda66a519db6b957a3f826e285cf12",
                "sha256:b2680962a4848b3c4f155dc2ee64505a9c57186d0d56b43123b17ca3de18f0fa",
                "sha256:b2d318c11350e10662026ad0eb71bb51c7812fc8590825304ae0bdd4ac283acd",
                "sha256:b33de11b92e9f75a2b545d6e9b6f37e398d86c3e9e9653c4864eb7e89c5773ef",
                "sha256:b3daeac64d5b371dea99714f08ffc2c208522ec6b06fbc7866a450dd446f5c0f",
                "sha256:be1e352acbe3c78727a16a455126d9ff83ea2dfdcbc83148d2982305a04714c2",
                "sha256:bee093bf902e1d8fc0ac143c88902c3dfc8941f7ea1d6a8dd2bcb786d33db03d",
                "sha256:c72fbbe68c6f32f251bdc08b8611c7b3060612236e960ef848e0a517ddbe76c5",
                "sha256:c9e36a97bee9b86ef9a1cf7bb96747eb7a15c2f22bdb5b516434b00f2a599f02",
                "sha256:cddf7bd982eaa998934a91f69d182aec997c6c468898efe6679af88283b498d3",
                "sha256:cf713fe9a71ef6fd5adf7a79670135081cd4431c2943864757f0fa3a65b1fafd",
                "sha256:d11b54acf878eef558599658b0ffca78138c8c3655cf4f3a4a673c437e67732e",
                "sha256:d41c4d287cfc69060fa91cae9683eacffad989f1a10811995fa309df656ec214",
                "sha256:d524ba3f1581b35c03cb42beebab4a13e6cdad7b36246bd22541fa585a56cccd",
                "sha256:daac4765328a919a805fa5e2720f3e94767abd632ae410a9062dff5412bae65a",
                "sha256:db4c7bf0e07fc3b7d89ac2a5880a6a8062056801b83ff56d8464b70f65482b6c",
                "sha256:dc7039885fa1baf9be153a0626e337aa7ec8bf96b0128605fb0d77788ddc1681",
                "sha256:dccab8d5fa1ef9bfba0590ecf4d46df048d18ffe3eec01eeb73a42e0d9e7a8ba",
                "sha256:dedb8adb91d11846ee08bec4c8236c8549ac721c245678282dcb06b221aab59f",
                "sha256:e45ba65510e2647721e35323d6ef54c7974959f6081b58d4ef5d87c60c84919a",
                "sha256:e53efc7c7cee4c1e70661e2e112ca46a575f90ed9ae3fef200f2a25e954f4b28",
                "sha256:e635b87f01ebc977342e2697d05b56632f5f879a4f15955dfe8cef2448b51691",
                "sha256:e70e990b2137b29dc5564715de1e12701815dacc1d056308e2b17e9095372a82",
                "sha256:e8082b26888e2f8b36a042a58307d5b917ef2b1cacab921ad3323ef91901c71a",
                "sha256:e8323a9b031aa0393768b87f04b4164a40037fb2a3c11ac06a03ffecd3618027",
                "sha256:e92fca20c46e9f5e1bb485887d074918b13543b1c2a1185e69bb8d17ab6236a7",
                "sha256:eb30abc20df9ab0814b5a2524f23d75dcf83cde762c161917a2b4b7b55b1e518",
                "sha256:eba9904b0f38a143592d9fc0e19e2df0fa2e41c3c3745554761c5f6447eedabf",
                "sha256:ef8de666d6179b009dce7bcb2ad4c4a779f113f12caf8dc77f0162c29d20490b",
                "sha256:efd387a49825780ff861998cd959767800d54f8308936b21025326de4b5a42b9",
                "sha256:f0aa37f3c979cf2546b73e8222bbfa3dc07a641585340179d768068e3455e544",
                "sha256:f4074c5a429281bf056ddd4c5d3b740ebca4d43ffffe2ef4bf4d2d05114299da",
                "sha256:f69a27e45c43520f5487f27627059b64aaf160415589230992cec34c5e18a509",
                "sha256:fb707f3e15060adf5b7ada797624a6c6e0138e2a26baa089df64c68ee98e040f",
                "sha256:fcbe676a55d7445b22c10967bceaaf0ee69407fbe0ece4d032b6eb8d4565982a",
                "sha256:fdb20a30fe1175ecabed17cbf7812f7b804b8a315a25f24678bcdf120a90077f"
            ],
            "markers": "python_version >= '3.7'",
            "version": "==3.4.2"
        },
        "click": {
            "hashes": [
                "sha256:27c491cc05d968d271d5a1db13e3b5a184636d9d930f148c50b038f0d0646202",
                "sha256:61a3265b914e850b85317d0b3109c7f8cd35a670f963866005d6ef1d5175a12b"
            ],
            "markers": "python_version >= '3.10'",
            "version": "==8.2.1"
        },
        "dill": {
            "hashes": [
                "sha256:0633f1d2df477324f53a895b02c901fb961bdbf65a17122586ea7019292cbcf0",
                "sha256:44f54bf6412c2c8464c14e8243eb163690a9800dbe2c367330883b19c7561049"
            ],
            "markers": "python_version >= '3.8'",
            "version": "==0.4.0"
        },
        "distlib": {
            "hashes": [
                "sha256:47f8c22fd27c27e25a65601af709b38e4f0a45ea4fc2e710f65755fa8caaaf87",
                "sha256:a60f20dea646b8a33f3e7772f74dc0b2d0772d2837ee1342a00645c81edf9403"
            ],
            "version": "==0.3.9"
        },
        "filelock": {
            "hashes": [
                "sha256:adbc88eabb99d2fec8c9c1b229b171f18afa655400173ddc653d5d01501fb9f2",
                "sha256:c401f4f8377c4464e6db25fff06205fd89bdd83b65eb0488ed1b160f780e21de"
            ],
            "markers": "python_version >= '3.9'",
            "version": "==3.18.0"
        },
        "identify": {
            "hashes": [
                "sha256:ad9672d5a72e0d2ff7c5c8809b62dfa60458626352fb0eb7b55e69bdc45334a2",
                "sha256:d8de45749f1efb108badef65ee8386f0f7bb19a7f26185f74de6367bffbaf0e6"
            ],
            "markers": "python_version >= '3.9'",
            "version": "==2.6.12"
        },
        "idna": {
            "hashes": [
                "sha256:12f65c9b470abda6dc35cf8e63cc574b1c52b11df2c86030af0ac09b01b13ea9",
                "sha256:946d195a0d259cbba61165e88e65941f16e9b36ea6ddb97f00452bae8b1287d3"
            ],
            "markers": "python_version >= '3.6'",
            "version": "==3.10"
        },
        "isort": {
            "hashes": [
                "sha256:1cb5df28dfbc742e490c5e41bad6da41b805b0a8be7bc93cd0fb2a8a890ac450",
                "sha256:2dc5d7f65c9678d94c88dfc29161a320eec67328bc97aad576874cb4be1e9615"
            ],
            "markers": "python_full_version >= '3.9.0'",
            "version": "==6.0.1"
        },
        "jinja2": {
            "hashes": [
                "sha256:0137fb05990d35f1275a587e9aee6d56da821fc83491a0fb838183be43f66d6d",
                "sha256:85ece4451f492d0c13c5dd7c13a64681a86afae63a5f347908daf103ce6d2f67"
            ],
            "index": "pypi",
            "markers": "python_version >= '3.7'",
            "version": "==3.1.6"
        },
        "jmespath": {
            "hashes": [
                "sha256:02e2e4cc71b5bcab88332eebf907519190dd9e6e82107fa7f83b1003a6252980",
                "sha256:90261b206d6defd58fdd5e85f478bf633a2901798906be2ad389150c5c60edbe"
            ],
            "markers": "python_version >= '3.7'",
            "version": "==1.0.1"
        },
        "libcst": {
            "hashes": [
                "sha256:08a8c7d9922ca6eed24e2c13a3c552b3c186af8fc78e5d4820b58487d780ec19",
                "sha256:08e9dca4ab6f8551794ce7ec146f86def6a82da41750cbed2c07551345fa10d3",
                "sha256:0be639f5b2e1999a4b4a82a0f4633969f97336f052d0c131627983589af52f56",
                "sha256:0f23409add2aaebbb6d8e881babab43c2d979f051b8bd8aed5fe779ea180a4e8",
                "sha256:11ea148902e3e1688afa392087c728ac3a843e54a87d334d1464d2097d3debb7",
                "sha256:1ba85f9e6a7f37ef998168aa3fd28d263d7f83016bd306a4508a2394e5e793b4",
                "sha256:207575dec2dae722acf6ab39b4b361151c65f8f895fd37edf9d384f5541562e1",
                "sha256:22c9473a2cc53faabcc95a0ac6ca4e52d127017bf34ba9bc0f8e472e44f7b38e",
                "sha256:2b5c57a3c1976c365678eb0730bcb140d40510990cb77df9a91bb5c41d587ba6",
                "sha256:2e264307ec49b2c72480422abafe80457f90b4e6e693b7ddf8a23d24b5c24001",
                "sha256:2e8c1dfa854e700fcf6cd79b2796aa37d55697a74646daf5ea47c7c764bac31c",
                "sha256:36d5ab95f39f855521585b0e819dc2d4d1b2a4080bad04c2f3de1e387a5d2233",
                "sha256:3ece08ba778b6eeea74d9c705e9af2d1b4e915e9bc6de67ad173b962e575fcc0",
                "sha256:41613fe08e647213546c7c59a5a1fc5484666e7d4cab6e80260c612acbb20e8c",
                "sha256:43ccaa6c54daa1749cec53710c70d47150965574d4c6d4c4f2e3f87b9bf9f591",
                "sha256:449f9ff8a5025dcd5c8d4ad28f6c291de5de89e4c044b0bda96b45bef8999b75",
                "sha256:460fcf3562f078781e1504983cb11909eb27a1d46eaa99e65c4b0fafdc298298",
                "sha256:4f14f5045766646ed9e8826b959c6d07194788babed1e0ba08c94ea4f39517e3",
                "sha256:51bbafdd847529e8a16d1965814ed17831af61452ee31943c414cb23451de926",
                "sha256:52a1067cf31d9e9e4be514b253bea6276f1531dd7de6ab0917df8ce5b468a820",
                "sha256:59e8f611c977206eba294c296c2d29a1c1b1b88206cb97cd0d4847c1a3d923e7",
                "sha256:5c513e64eff0f7bf2a908e2d987a98653eb33e1062ce2afd3a84af58159a24f9",
                "sha256:5efd1bf6ee5840d1b0b82ec8e0b9c64f182fa5a7c8aad680fbd918c4fa3826e0",
                "sha256:66e82cedba95a6176194a817be4232c720312f8be6d2c8f3847f3317d95a0c7f",
                "sha256:6753e50904e05c27915933da41518ecd7a8ca4dd3602112ba44920c6e353a455",
                "sha256:67d9720d91f507c87b3e5f070627ad640a00bc6cfdf5635f8c6ee9f2964cf71c",
                "sha256:688a03bac4dfb9afc5078ec01d53c21556381282bdf1a804dd0dbafb5056de2a",
                "sha256:706d07106af91c343150be86caeae1ea3851b74aa0730fcbbf8cd089e817f818",
                "sha256:7fe762c4c390039b79b818cbc725d8663586b25351dc18a2704b0e357d69b924",
                "sha256:8310521f2ccb79b5c4345750d475b88afa37bad930ab5554735f85ad5e3add30",
                "sha256:8a81d816c2088d2055112af5ecd82fdfbe8ff277600e94255e2639b07de10234",
                "sha256:94b7c032b72566077614a02baab1929739fd0af0cc1d46deaba4408b870faef2",
                "sha256:96e2363e1f6e44bd7256bbbf3a53140743f821b5133046e6185491e0d9183447",
                "sha256:9c2bd4ac288a9cdb7ffc3229a9ce8027a66a3fd3f2ab9e13da60f5fbfe91f3b2",
                "sha256:a50618f4819a97ef897e055ac7aaf1cad5df84c206f33be35b0759d671574197",
                "sha256:a553d452004e44b841788f6faa7231a02157527ddecc89dbbe5b689b74822226",
                "sha256:a5d5519962ce7c72d81888fb0c09e58e308ba4c376e76bcd853b48151063d6a8",
                "sha256:a70e40ce7600e1b32e293bb9157e9de3b69170e2318ccb219102f1abb826c94a",
                "sha256:ae22376633cfa3db21c4eed2870d1c36b5419289975a41a45f34a085b2d9e6ea",
                "sha256:b0110140738be1287e3724080a101e7cec6ae708008b7650c9d8a1c1788ec03a",
                "sha256:b5269b96367e65793a7714608f6d906418eb056d59eaac9bba980486aabddbed",
                "sha256:b62aa11d6b74ed5545e58ac613d3f63095e5fd0254b3e0d1168fda991b9a6b41",
                "sha256:b68ea4a6018abfea1f68d50f74de7d399172684c264eb09809023e2c8696fc23",
                "sha256:b88e9104c456590ad0ef0e82851d4fc03e9aa9d621fa8fdd4cd0907152a825ae",
                "sha256:bba7c2b5063e8ada5a5477f9fa0c01710645426b5a8628ec50d558542a0a292e",
                "sha256:be821d874ce8b26cbadd7277fa251a9b37f6d2326f8b5682b6fc8966b50a3a59",
                "sha256:c1381ddbd1066d543e05d580c15beacf671e1469a0b2adb6dba58fec311f4eed",
                "sha256:c34060ff2991707c710250463ae9f415ebb21653f2f5b013c61c9c376ff9b715",
                "sha256:d11992561de0ad29ec2800230fbdcbef9efaa02805d5c633a73ab3cf2ba51bf1",
                "sha256:d20e932ddd9a389da57b060c26e84a24118c96ff6fc5dcc7b784da24e823b694",
                "sha256:d2194ae959630aae4176a4b75bd320b3274c20bef2a5ca6b8d6fc96d3c608edf",
                "sha256:d97c9fe13aacfbefded6861f5200dcb8e837da7391a9bdeb44ccb133705990af",
                "sha256:da2d8b008aff72acd5a4a588491abdda1b446f17508e700f26df9be80d8442ae",
                "sha256:dd4310ea8ddc49cc8872e083737cf806299b17f93159a1f354d59aa08993e876",
                "sha256:e5ba3ea570c8fb6fc44f71aa329edc7c668e2909311913123d0d7ab8c65fc357",
                "sha256:e9bb599c175dc34a4511f0e26d5b5374fbcc91ea338871701a519e95d52f3c28",
                "sha256:f5391d71bd7e9e6c73dcb3ee8d8c63b09efc14ce6e4dad31568d4838afc9aae0",
                "sha256:f54f5c4176d60e7cd6b0880e18fb3fa8501ae046069151721cab457c7c538a3d",
                "sha256:f69582e24667715e3860d80d663f1caeb2398110077e23cc0a1e0066a851f5ab",
                "sha256:f74b0bc7378ad5afcf25ac9d0367b4dbba50f6f6468faa41f5dfddcf8bf9c0f8",
                "sha256:fa3b807c2d2b34397c135d19ad6abb20c47a2ddb7bf65d90455f2040f7797e1e"
            ],
            "markers": "python_version >= '3.9'",
            "version": "==1.8.2"
        },
        "markdown-it-py": {
            "hashes": [
                "sha256:355216845c60bd96232cd8d8c40e8f9765cc86f46880e43a8fd22dc1a1a8cab1",
                "sha256:e3f60a94fa066dc52ec76661e37c851cb232d92f9886b15cb560aaada2df8feb"
            ],
            "markers": "python_version >= '3.8'",
            "version": "==3.0.0"
        },
        "markdown-to-json": {
            "hashes": [
                "sha256:8fa5b4191c74a20297fe2622ee6dd202f82448d025af9c837732d45a64551d01",
                "sha256:bda2c90082d93a6da051dbeda2ab46d79da5ed0590f5a5abba6c58dbc751be1b"
            ],
            "index": "pypi",
            "markers": "python_version >= '3.8'",
            "version": "==2.1.2"
        },
        "markupsafe": {
            "hashes": [
                "sha256:0bff5e0ae4ef2e1ae4fdf2dfd5b76c75e5c2fa4132d05fc1b0dabcd20c7e28c4",
                "sha256:0f4ca02bea9a23221c0182836703cbf8930c5e9454bacce27e767509fa286a30",
                "sha256:1225beacc926f536dc82e45f8a4d68502949dc67eea90eab715dea3a21c1b5f0",
                "sha256:131a3c7689c85f5ad20f9f6fb1b866f402c445b220c19fe4308c0b147ccd2ad9",
                "sha256:15ab75ef81add55874e7ab7055e9c397312385bd9ced94920f2802310c930396",
                "sha256:1a9d3f5f0901fdec14d8d2f66ef7d035f2157240a433441719ac9a3fba440b13",
                "sha256:1c99d261bd2d5f6b59325c92c73df481e05e57f19837bdca8413b9eac4bd8028",
                "sha256:1e084f686b92e5b83186b07e8a17fc09e38fff551f3602b249881fec658d3eca",
                "sha256:2181e67807fc2fa785d0592dc2d6206c019b9502410671cc905d132a92866557",
                "sha256:2cb8438c3cbb25e220c2ab33bb226559e7afb3baec11c4f218ffa7308603c832",
                "sha256:3169b1eefae027567d1ce6ee7cae382c57fe26e82775f460f0b2778beaad66c0",
                "sha256:3809ede931876f5b2ec92eef964286840ed3540dadf803dd570c3b7e13141a3b",
                "sha256:38a9ef736c01fccdd6600705b09dc574584b89bea478200c5fbf112a6b0d5579",
                "sha256:3d79d162e7be8f996986c064d1c7c817f6df3a77fe3d6859f6f9e7be4b8c213a",
                "sha256:444dcda765c8a838eaae23112db52f1efaf750daddb2d9ca300bcae1039adc5c",
                "sha256:48032821bbdf20f5799ff537c7ac3d1fba0ba032cfc06194faffa8cda8b560ff",
                "sha256:4aa4e5faecf353ed117801a068ebab7b7e09ffb6e1d5e412dc852e0da018126c",
                "sha256:52305740fe773d09cffb16f8ed0427942901f00adedac82ec8b67752f58a1b22",
                "sha256:569511d3b58c8791ab4c2e1285575265991e6d8f8700c7be0e88f86cb0672094",
                "sha256:57cb5a3cf367aeb1d316576250f65edec5bb3be939e9247ae594b4bcbc317dfb",
                "sha256:5b02fb34468b6aaa40dfc198d813a641e3a63b98c2b05a16b9f80b7ec314185e",
                "sha256:6381026f158fdb7c72a168278597a5e3a5222e83ea18f543112b2662a9b699c5",
                "sha256:6af100e168aa82a50e186c82875a5893c5597a0c1ccdb0d8b40240b1f28b969a",
                "sha256:6c89876f41da747c8d3677a2b540fb32ef5715f97b66eeb0c6b66f5e3ef6f59d",
                "sha256:6e296a513ca3d94054c2c881cc913116e90fd030ad1c656b3869762b754f5f8a",
                "sha256:70a87b411535ccad5ef2f1df5136506a10775d267e197e4cf531ced10537bd6b",
                "sha256:7e94c425039cde14257288fd61dcfb01963e658efbc0ff54f5306b06054700f8",
                "sha256:846ade7b71e3536c4e56b386c2a47adf5741d2d8b94ec9dc3e92e5e1ee1e2225",
                "sha256:88416bd1e65dcea10bc7569faacb2c20ce071dd1f87539ca2ab364bf6231393c",
                "sha256:88b49a3b9ff31e19998750c38e030fc7bb937398b1f78cfa599aaef92d693144",
                "sha256:8c4e8c3ce11e1f92f6536ff07154f9d49677ebaaafc32db9db4620bc11ed480f",
                "sha256:8e06879fc22a25ca47312fbe7c8264eb0b662f6db27cb2d3bbbc74b1df4b9b87",
                "sha256:9025b4018f3a1314059769c7bf15441064b2207cb3f065e6ea1e7359cb46db9d",
                "sha256:93335ca3812df2f366e80509ae119189886b0f3c2b81325d39efdb84a1e2ae93",
                "sha256:9778bd8ab0a994ebf6f84c2b949e65736d5575320a17ae8984a77fab08db94cf",
                "sha256:9e2d922824181480953426608b81967de705c3cef4d1af983af849d7bd619158",
                "sha256:a123e330ef0853c6e822384873bef7507557d8e4a082961e1defa947aa59ba84",
                "sha256:a904af0a6162c73e3edcb969eeeb53a63ceeb5d8cf642fade7d39e7963a22ddb",
                "sha256:ad10d3ded218f1039f11a75f8091880239651b52e9bb592ca27de44eed242a48",
                "sha256:b424c77b206d63d500bcb69fa55ed8d0e6a3774056bdc4839fc9298a7edca171",
                "sha256:b5a6b3ada725cea8a5e634536b1b01c30bcdcd7f9c6fff4151548d5bf6b3a36c",
                "sha256:ba8062ed2cf21c07a9e295d5b8a2a5ce678b913b45fdf68c32d95d6c1291e0b6",
                "sha256:ba9527cdd4c926ed0760bc301f6728ef34d841f405abf9d4f959c478421e4efd",
                "sha256:bbcb445fa71794da8f178f0f6d66789a28d7319071af7a496d4d507ed566270d",
                "sha256:bcf3e58998965654fdaff38e58584d8937aa3096ab5354d493c77d1fdd66d7a1",
                "sha256:c0ef13eaeee5b615fb07c9a7dadb38eac06a0608b41570d8ade51c56539e509d",
                "sha256:cabc348d87e913db6ab4aa100f01b08f481097838bdddf7c7a84b7575b7309ca",
                "sha256:cdb82a876c47801bb54a690c5ae105a46b392ac6099881cdfb9f6e95e4014c6a",
                "sha256:cfad01eed2c2e0c01fd0ecd2ef42c492f7f93902e39a42fc9ee1692961443a29",
                "sha256:d16a81a06776313e817c951135cf7340a3e91e8c1ff2fac444cfd75fffa04afe",
                "sha256:d8213e09c917a951de9d09ecee036d5c7d36cb6cb7dbaece4c71a60d79fb9798",
                "sha256:e07c3764494e3776c602c1e78e298937c3315ccc9043ead7e685b7f2b8d47b3c",
                "sha256:e17c96c14e19278594aa4841ec148115f9c7615a47382ecb6b82bd8fea3ab0c8",
                "sha256:e444a31f8db13eb18ada366ab3cf45fd4b31e4db1236a4448f68778c1d1a5a2f",
                "sha256:e6a2a455bd412959b57a172ce6328d2dd1f01cb2135efda2e4576e8a23fa3b0f",
                "sha256:eaa0a10b7f72326f1372a713e73c3f739b524b3af41feb43e4921cb529f5929a",
                "sha256:eb7972a85c54febfb25b5c4b4f3af4dcc731994c7da0d8a0b4a6eb0640e1d178",
                "sha256:ee55d3edf80167e48ea11a923c7386f4669df67d7994554387f84e7d8b0a2bf0",
                "sha256:f3818cb119498c0678015754eba762e0d61e5b52d34c8b13d770f0719f7b1d79",
                "sha256:f8b3d067f2e40fe93e1ccdd6b2e1d16c43140e76f02fb1319a05cf2b79d99430",
                "sha256:fcabf5ff6eea076f859677f5f0b6b5c1a51e70a376b0579e0eadef8db48c6b50"
            ],
            "markers": "python_version >= '3.9'",
            "version": "==3.0.2"
        },
        "mccabe": {
            "hashes": [
                "sha256:348e0240c33b60bbdf4e523192ef919f28cb2c3d7d5c7794f74009290f236325",
                "sha256:6c2d30ab6be0e4a46919781807b4f0d834ebdd6c6e3dca0bda5a15f863427b6e"
            ],
            "markers": "python_version >= '3.6'",
            "version": "==0.7.0"
        },
        "mdurl": {
            "hashes": [
                "sha256:84008a41e51615a49fc9966191ff91509e3c40b939176e643fd50a5c2196b8f8",
                "sha256:bb413d29f5eea38f31dd4754dd7377d4465116fb207585f97bf925588687c1ba"
            ],
            "markers": "python_version >= '3.7'",
            "version": "==0.1.2"
        },
        "mypy": {
            "hashes": [
                "sha256:051e1677689c9d9578b9c7f4d206d763f9bbd95723cd1416fad50db49d52f359",
                "sha256:08e850ea22adc4d8a4014651575567b0318ede51e8e9fe7a68f25391af699507",
                "sha256:09aa4f91ada245f0a45dbc47e548fd94e0dd5a8433e0114917dc3b526912a30c",
                "sha256:0a7cfb0fe29fe5a9841b7c8ee6dffb52382c45acdf68f032145b75620acfbd6f",
                "sha256:0ab5eca37b50188163fa7c1b73c685ac66c4e9bdee4a85c9adac0e91d8895e15",
                "sha256:1256688e284632382f8f3b9e2123df7d279f603c561f099758e66dd6ed4e8bd6",
                "sha256:13c7cd5b1cb2909aa318a90fd1b7e31f17c50b242953e7dd58345b2a814f6383",
                "sha256:1f0435cf920e287ff68af3d10a118a73f212deb2ce087619eb4e648116d1fe9b",
                "sha256:211287e98e05352a2e1d4e8759c5490925a7c784ddc84207f4714822f8cf99b6",
                "sha256:22d76a63a42619bfb90122889b903519149879ddbf2ba4251834727944c8baca",
                "sha256:2c7ce0662b6b9dc8f4ed86eb7a5d505ee3298c04b40ec13b30e572c0e5ae17c4",
                "sha256:352025753ef6a83cb9e7f2427319bb7875d1fdda8439d1e23de12ab164179574",
                "sha256:44e7acddb3c48bd2713994d098729494117803616e116032af192871aed80b79",
                "sha256:472e4e4c100062488ec643f6162dd0d5208e33e2f34544e1fc931372e806c0cc",
                "sha256:4f58ac32771341e38a853c5d0ec0dfe27e18e27da9cdb8bbc882d2249c71a3ee",
                "sha256:58e07fb958bc5d752a280da0e890c538f1515b79a65757bbdc54252ba82e0b40",
                "sha256:5e198ab3f55924c03ead626ff424cad1732d0d391478dfbf7bb97b34602395da",
                "sha256:5fc2ac4027d0ef28d6ba69a0343737a23c4d1b83672bf38d1fe237bdc0643b37",
                "sha256:66df38405fd8466ce3517eda1f6640611a0b8e70895e2a9462d1d4323c5eb4b9",
                "sha256:6bd00a0a2094841c5e47e7374bb42b83d64c527a502e3334e1173a0c24437bab",
                "sha256:7fc688329af6a287567f45cc1cefb9db662defeb14625213a5b7da6e692e2069",
                "sha256:86042bbf9f5a05ea000d3203cf87aa9d0ccf9a01f73f71c58979eb9249f46d72",
                "sha256:87ff2c13d58bdc4bbe7dc0dedfe622c0f04e2cb2a492269f3b418df2de05c536",
                "sha256:af4792433f09575d9eeca5c63d7d90ca4aeceda9d8355e136f80f8967639183d",
                "sha256:b4f0fed1022a63c6fec38f28b7fc77fca47fd490445c69d0a66266c59dd0b88a",
                "sha256:d5d2309511cc56c021b4b4e462907c2b12f669b2dbeb68300110ec27723971be",
                "sha256:ddc91eb318c8751c69ddb200a5937f1232ee8efb4e64e9f4bc475a33719de438",
                "sha256:dedb6229b2c9086247e21a83c309754b9058b438704ad2f6807f0d8227f6ebdd",
                "sha256:ea16e2a7d2714277e349e24d19a782a663a34ed60864006e8585db08f8ad1782",
                "sha256:ea7469ee5902c95542bea7ee545f7006508c65c8c54b06dc2c92676ce526f3ea",
                "sha256:f895078594d918f93337a505f8add9bd654d1a24962b4c6ed9390e12531eb31b",
                "sha256:ff9fa5b16e4c1364eb89a4d16bcda9987f05d39604e1e6c35378a2987c1aac2d"
            ],
            "index": "pypi",
            "markers": "python_version >= '3.9'",
            "version": "==1.16.1"
        },
        "mypy-boto3-cloudformation": {
            "hashes": [
                "sha256:1016508783c1263aba9bb24dd29afbea6f0c8c7cee79e9d073c4ed5524ce53f5",
                "sha256:f4185231faab97bfb50b25dc1323333c630a092ffa8c15356f21116fc92a7f42"
            ],
            "markers": "python_version >= '3.8'",
            "version": "==1.38.31"
        },
        "mypy-boto3-dynamodb": {
            "hashes": [
                "sha256:5cf3787631e312b3d75f89a6cbbbd4ad786a76f5d565af023febf03fbf23c0b5",
                "sha256:6b29d89c649eeb1e894118bee002cb8b1304c78da735b1503aa08e46b0abfdec"
            ],
            "markers": "python_version >= '3.8'",
            "version": "==1.38.4"
        },
        "mypy-boto3-ec2": {
            "hashes": [
                "sha256:5d07fc10d5f682f8570000ba53bdec00ee498171509943877451c2cccbc341a3",
                "sha256:9750403a6ad135e676ecc280acee9f0d7762f46c5bc8d864ec7c2ad3ef6118b7"
            ],
            "markers": "python_version >= '3.8'",
            "version": "==1.38.33"
        },
        "mypy-boto3-iot": {
            "hashes": [
                "sha256:27a90dcc0e3ffecacaa84496721ef9883789e1ad8a0fd908e267772eee1f3c3b",
                "sha256:edc9f9dd040b91b4ecc95b400af3d1b8515e15d5a2f00113efff5c7db471e131"
            ],
            "markers": "python_version >= '3.8'",
            "version": "==1.38.0"
        },
        "mypy-boto3-lambda": {
            "hashes": [
                "sha256:04bd5f4ad032f86cd0d5b8f573c0384a388dc8549ea6bb648dcef5b2c6664064",
                "sha256:145c9f7de2da29fb651b21515c9052697f7579c821ee3ab7bcbf7ef4993dcd25"
            ],
            "markers": "python_version >= '3.8'",
            "version": "==1.38.40"
        },
        "mypy-boto3-rds": {
            "hashes": [
                "sha256:46ceae368e950936d8092a71408f09b001bebb94c57600aa1f0ae42525f51d85",
                "sha256:4888ecaf09c42365e76af3e7f931c7924ccea83341d4268f400b352bcf340e7c"
            ],
            "markers": "python_version >= '3.8'",
            "version": "==1.38.35"
        },
        "mypy-boto3-s3": {
            "hashes": [
                "sha256:9b003a3d4f4e01c6f3a7dc01e6bdcf9cc58e74c48cfbccd7cf80328b5b3ef4c7",
                "sha256:b272d1c9b359017ea7c5d79b4610ba93e91f557ad01da0d6e302bd7b7804f73b"
            ],
            "markers": "python_version >= '3.8'",
            "version": "==1.38.39"
        },
        "mypy-boto3-sqs": {
            "hashes": [
                "sha256:39aebc121a2fe20f962fd83b617fd916003605d6f6851fdf195337a0aa428fe1",
                "sha256:8e881c8492f6f51dcbe1cce9d9f05334f4b256b5843e227fa925e0f6e702b31d"
            ],
            "markers": "python_version >= '3.8'",
            "version": "==1.38.0"
        },
        "mypy-extensions": {
            "hashes": [
                "sha256:1be4cccdb0f2482337c4743e60421de3a356cd97508abadd57d47403e94f5505",
                "sha256:52e68efc3284861e772bbcd66823fde5ae21fd2fdb51c62a211403730b916558"
            ],
            "markers": "python_version >= '3.8'",
            "version": "==1.1.0"
        },
        "nodeenv": {
            "hashes": [
                "sha256:6ec12890a2dab7946721edbfbcd91f3319c6ccc9aec47be7c7e6b7011ee6645f",
                "sha256:ba11c9782d29c27c70ffbdda2d7415098754709be8a7056d79a737cd901155c9"
            ],
            "markers": "python_version >= '2.7' and python_version not in '3.0, 3.1, 3.2, 3.3, 3.4, 3.5, 3.6'",
            "version": "==1.9.1"
        },
        "pathspec": {
            "hashes": [
                "sha256:a0d503e138a4c123b27490a4f7beda6a01c6f288df0e4a8b79c7eb0dc7b4cc08",
                "sha256:a482d51503a1ab33b1c67a6c3813a26953dbdc71c31dacaef9a838c4e29f5712"
            ],
            "markers": "python_version >= '3.8'",
            "version": "==0.12.1"
        },
        "platformdirs": {
            "hashes": [
                "sha256:3d512d96e16bcb959a814c9f348431070822a6496326a4be0911c40b5a74c2bc",
                "sha256:ff7059bb7eb1179e2685604f4aaf157cfd9535242bd23742eadc3c13542139b4"
            ],
            "markers": "python_version >= '3.9'",
            "version": "==4.3.8"
        },
        "pre-commit": {
            "hashes": [
                "sha256:601283b9757afd87d40c4c4a9b2b5de9637a8ea02eaff7adc2d0fb4e04841146",
                "sha256:a009ca7205f1eb497d10b845e52c838a98b6cdd2102a6c8e4540e94ee75c58bd"
            ],
            "index": "pypi",
            "markers": "python_version >= '3.9'",
            "version": "==4.2.0"
        },
        "pycln": {
            "hashes": [
                "sha256:6aec7a5b8df47e23399842b1f8470da4164956e26391f9b86c5edced5344da92",
                "sha256:f3a64486f813cd29da07940c4c2bb412080a23b9b0df9b0b1576c8e39ac79c44"
            ],
            "index": "pypi",
            "markers": "python_version >= '3.8' and python_version < '4'",
            "version": "==2.5.0"
        },
        "pygments": {
            "hashes": [
                "sha256:636cb2477cec7f8952536970bc533bc43743542f70392ae026374600add5b887",
                "sha256:86540386c03d588bb81d44bc3928634ff26449851e99741617ecb9037ee5ec0b"
            ],
            "markers": "python_version >= '3.8'",
            "version": "==2.19.2"
        },
        "pylint": {
            "hashes": [
                "sha256:2b11de8bde49f9c5059452e0c310c079c746a0a8eeaa789e5aa966ecc23e4559",
                "sha256:43860aafefce92fca4cf6b61fe199cdc5ae54ea28f9bf4cd49de267b5195803d"
            ],
            "index": "pypi",
            "markers": "python_full_version >= '3.9.0'",
            "version": "==3.3.7"
        },
        "python-dateutil": {
            "hashes": [
                "sha256:37dd54208da7e1cd875388217d5e00ebd4179249f90fb72437e91a35459a0ad3",
                "sha256:a8b2bc7bffae282281c8140a97d3aa9c14da0b136dfe83f850eea9a5f7470427"
            ],
            "markers": "python_version >= '2.7' and python_version not in '3.0, 3.1, 3.2'",
            "version": "==2.9.0.post0"
        },
        "pyyaml": {
            "hashes": [
                "sha256:01179a4a8559ab5de078078f37e5c1a30d76bb88519906844fd7bdea1b7729ff",
                "sha256:0833f8694549e586547b576dcfaba4a6b55b9e96098b36cdc7ebefe667dfed48",
                "sha256:0a9a2848a5b7feac301353437eb7d5957887edbf81d56e903999a75a3d743086",
                "sha256:0b69e4ce7a131fe56b7e4d770c67429700908fc0752af059838b1cfb41960e4e",
                "sha256:0ffe8360bab4910ef1b9e87fb812d8bc0a308b0d0eef8c8f44e0254ab3b07133",
                "sha256:11d8f3dd2b9c1207dcaf2ee0bbbfd5991f571186ec9cc78427ba5bd32afae4b5",
                "sha256:17e311b6c678207928d649faa7cb0d7b4c26a0ba73d41e99c4fff6b6c3276484",
                "sha256:1e2120ef853f59c7419231f3bf4e7021f1b936f6ebd222406c3b60212205d2ee",
                "sha256:1f71ea527786de97d1a0cc0eacd1defc0985dcf6b3f17bb77dcfc8c34bec4dc5",
                "sha256:23502f431948090f597378482b4812b0caae32c22213aecf3b55325e049a6c68",
                "sha256:24471b829b3bf607e04e88d79542a9d48bb037c2267d7927a874e6c205ca7e9a",
                "sha256:29717114e51c84ddfba879543fb232a6ed60086602313ca38cce623c1d62cfbf",
                "sha256:2e99c6826ffa974fe6e27cdb5ed0021786b03fc98e5ee3c5bfe1fd5015f42b99",
                "sha256:39693e1f8320ae4f43943590b49779ffb98acb81f788220ea932a6b6c51004d8",
                "sha256:3ad2a3decf9aaba3d29c8f537ac4b243e36bef957511b4766cb0057d32b0be85",
                "sha256:3b1fdb9dc17f5a7677423d508ab4f243a726dea51fa5e70992e59a7411c89d19",
                "sha256:41e4e3953a79407c794916fa277a82531dd93aad34e29c2a514c2c0c5fe971cc",
                "sha256:43fa96a3ca0d6b1812e01ced1044a003533c47f6ee8aca31724f78e93ccc089a",
                "sha256:50187695423ffe49e2deacb8cd10510bc361faac997de9efef88badc3bb9e2d1",
                "sha256:5ac9328ec4831237bec75defaf839f7d4564be1e6b25ac710bd1a96321cc8317",
                "sha256:5d225db5a45f21e78dd9358e58a98702a0302f2659a3c6cd320564b75b86f47c",
                "sha256:6395c297d42274772abc367baaa79683958044e5d3835486c16da75d2a694631",
                "sha256:688ba32a1cffef67fd2e9398a2efebaea461578b0923624778664cc1c914db5d",
                "sha256:68ccc6023a3400877818152ad9a1033e3db8625d899c72eacb5a668902e4d652",
                "sha256:70b189594dbe54f75ab3a1acec5f1e3faa7e8cf2f1e08d9b561cb41b845f69d5",
                "sha256:797b4f722ffa07cc8d62053e4cff1486fa6dc094105d13fea7b1de7d8bf71c9e",
                "sha256:7c36280e6fb8385e520936c3cb3b8042851904eba0e58d277dca80a5cfed590b",
                "sha256:7e7401d0de89a9a855c839bc697c079a4af81cf878373abd7dc625847d25cbd8",
                "sha256:80bab7bfc629882493af4aa31a4cfa43a4c57c83813253626916b8c7ada83476",
                "sha256:82d09873e40955485746739bcb8b4586983670466c23382c19cffecbf1fd8706",
                "sha256:8388ee1976c416731879ac16da0aff3f63b286ffdd57cdeb95f3f2e085687563",
                "sha256:8824b5a04a04a047e72eea5cec3bc266db09e35de6bdfe34c9436ac5ee27d237",
                "sha256:8b9c7197f7cb2738065c481a0461e50ad02f18c78cd75775628afb4d7137fb3b",
                "sha256:9056c1ecd25795207ad294bcf39f2db3d845767be0ea6e6a34d856f006006083",
                "sha256:936d68689298c36b53b29f23c6dbb74de12b4ac12ca6cfe0e047bedceea56180",
                "sha256:9b22676e8097e9e22e36d6b7bda33190d0d400f345f23d4065d48f4ca7ae0425",
                "sha256:a4d3091415f010369ae4ed1fc6b79def9416358877534caf6a0fdd2146c87a3e",
                "sha256:a8786accb172bd8afb8be14490a16625cbc387036876ab6ba70912730faf8e1f",
                "sha256:a9f8c2e67970f13b16084e04f134610fd1d374bf477b17ec1599185cf611d725",
                "sha256:bc2fa7c6b47d6bc618dd7fb02ef6fdedb1090ec036abab80d4681424b84c1183",
                "sha256:c70c95198c015b85feafc136515252a261a84561b7b1d51e3384e0655ddf25ab",
                "sha256:cc1c1159b3d456576af7a3e4d1ba7e6924cb39de8f67111c735f6fc832082774",
                "sha256:ce826d6ef20b1bc864f0a68340c8b3287705cae2f8b4b1d932177dcc76721725",
                "sha256:d584d9ec91ad65861cc08d42e834324ef890a082e591037abe114850ff7bbc3e",
                "sha256:d7fded462629cfa4b685c5416b949ebad6cec74af5e2d42905d41e257e0869f5",
                "sha256:d84a1718ee396f54f3a086ea0a66d8e552b2ab2017ef8b420e92edbc841c352d",
                "sha256:d8e03406cac8513435335dbab54c0d385e4a49e4945d2909a581c83647ca0290",
                "sha256:e10ce637b18caea04431ce14fabcf5c64a1c61ec9c56b071a4b7ca131ca52d44",
                "sha256:ec031d5d2feb36d1d1a24380e4db6d43695f3748343d99434e6f5f9156aaa2ed",
                "sha256:ef6107725bd54b262d6dedcc2af448a266975032bc85ef0172c5f059da6325b4",
                "sha256:efdca5630322a10774e8e98e1af481aad470dd62c3170801852d752aa7a783ba",
                "sha256:f753120cb8181e736c57ef7636e83f31b9c0d1722c516f7e86cf15b7aa57ff12",
                "sha256:ff3824dc5261f50c9b0dfb3be22b4567a6f938ccce4587b38952d85fd9e9afe4"
            ],
            "markers": "python_version >= '3.8'",
            "version": "==6.0.2"
        },
        "requests": {
            "hashes": [
                "sha256:27babd3cda2a6d50b30443204ee89830707d396671944c998b5975b031ac2b2c",
                "sha256:27d0316682c8a29834d3264820024b62a36942083d52caf2f14c0591336d3422"
            ],
            "index": "pypi",
            "markers": "python_version >= '3.8'",
            "version": "==2.32.4"
        },
        "rich": {
            "hashes": [
                "sha256:1c9491e1951aac09caffd42f448ee3d04e58923ffe14993f6e83068dc395d7e0",
                "sha256:82f1bc23a6a21ebca4ae0c45af9bdbc492ed20231dcb63f297d6d1021a9d5725"
            ],
            "markers": "python_full_version >= '3.8.0'",
            "version": "==14.0.0"
        },
        "s3transfer": {
            "hashes": [
                "sha256:0148ef34d6dd964d0d8cf4311b2b21c474693e57c2e069ec708ce043d2b527be",
                "sha256:f5e6db74eb7776a37208001113ea7aa97695368242b364d73e91c981ac522177"
            ],
            "markers": "python_version >= '3.9'",
            "version": "==0.13.0"
        },
        "setuptools": {
            "hashes": [
                "sha256:062d34222ad13e0cc312a4c02d73f059e86a4acbfbdea8f8f76b28c99f306922",
                "sha256:f36b47402ecde768dbfafc46e8e4207b4360c654f1f3bb84475f0a28628fb19c"
            ],
            "index": "pypi",
            "markers": "python_version >= '3.9'",
            "version": "==80.9.0"
        },
        "shellingham": {
            "hashes": [
                "sha256:7ecfff8f2fd72616f7481040475a65b2bf8af90a56c89140852d1120324e8686",
                "sha256:8dbca0739d487e5bd35ab3ca4b36e11c4078f3a234bfce294b0a0291363404de"
            ],
            "markers": "python_version >= '3.7'",
            "version": "==1.5.4"
        },
        "six": {
            "hashes": [
                "sha256:4721f391ed90541fddacab5acf947aa0d3dc7d27b2e1e8eda2be8970586c3274",
                "sha256:ff70335d468e7eb6ec65b95b99d3a2836546063f63acc5171de367e834932a81"
            ],
            "markers": "python_version >= '2.7' and python_version not in '3.0, 3.1, 3.2'",
            "version": "==1.17.0"
        },
        "tomlkit": {
            "hashes": [
                "sha256:430cf247ee57df2b94ee3fbe588e71d362a941ebb545dec29b53961d61add2a1",
                "sha256:c89c649d79ee40629a9fda55f8ace8c6a1b42deb912b2a8fd8d942ddadb606b0"
            ],
            "markers": "python_version >= '3.8'",
            "version": "==0.13.3"
        },
        "typer": {
            "hashes": [
                "sha256:1f79bed11d4d02d4310e3c1b7ba594183bcedb0ac73b27a9e5f28f6fb5b98855",
                "sha256:af377ffaee1dbe37ae9440cb4e8f11686ea5ce4e9bae01b84ae7c63b87f1dd3b"
            ],
            "markers": "python_version >= '3.7'",
            "version": "==0.16.0"
        },
        "types-awscrt": {
            "hashes": [
                "sha256:49a045f25bbd5ad2865f314512afced933aed35ddbafc252e2268efa8a787e4e",
                "sha256:acd04f57119eb15626ab0ba9157fc24672421de56e7bd7b9f61681fedee44e91"
            ],
            "markers": "python_version >= '3.8'",
            "version": "==0.27.2"
        },
        "types-boto3": {
            "hashes": [
                "sha256:69d31db1a18d66d8d10a78d9726612a0d164b7910ec791b007c67174642f127c",
                "sha256:c7c1508653d557bb247df18e5be8bc3d1059871811fa0dbfdddce330cf4913a8"
            ],
            "index": "pypi",
            "markers": "python_version >= '3.8'",
            "version": "==1.38.42"
        },
        "types-python-dateutil": {
            "hashes": [
                "sha256:13e80d6c9c47df23ad773d54b2826bd52dbbb41be87c3f339381c1700ad21ee5",
                "sha256:2b2b3f57f9c6a61fba26a9c0ffb9ea5681c9b83e69cd897c6b5f668d9c0cab93"
            ],
            "index": "pypi",
            "markers": "python_version >= '3.9'",
            "version": "==2.9.0.20250516"
        },
        "types-pyyaml": {
            "hashes": [
                "sha256:8478208feaeb53a34cb5d970c56a7cd76b72659442e733e268a94dc72b2d0530",
                "sha256:9f21a70216fc0fa1b216a8176db5f9e0af6eb35d2f2932acb87689d03a5bf6ba"
            ],
            "index": "pypi",
            "markers": "python_version >= '3.9'",
            "version": "==6.0.12.20250516"
        },
        "types-requests": {
            "hashes": [
                "sha256:741c8777ed6425830bf51e54d6abe245f79b4dcb9019f1622b773463946bf826",
                "sha256:ad2fe5d3b0cb3c2c902c8815a70e7fb2302c4b8c1f77bdcd738192cdb3878072"
            ],
            "index": "pypi",
            "markers": "python_version >= '3.9'",
            "version": "==2.32.4.20250611"
        },
        "types-s3transfer": {
            "hashes": [
                "sha256:203dadcb9865c2f68fb44bc0440e1dc05b79197ba4a641c0976c26c9af75ef52",
                "sha256:79c8375cbf48a64bff7654c02df1ec4b20d74f8c5672fc13e382f593ca5565b3"
            ],
            "markers": "python_version >= '3.8'",
            "version": "==0.13.0"
        },
        "types-setuptools": {
            "hashes": [
                "sha256:00dfcedd73e333a430e10db096e4d46af93faf9314f832f13b6bbe3d6757e95f",
                "sha256:79e088ba0cba2186c8d6499cbd3e143abb142d28a44b042c28d3148b1e353c91"
            ],
            "index": "pypi",
            "markers": "python_version >= '3.9'",
            "version": "==80.9.0.20250529"
        },
        "typing-extensions": {
            "hashes": [
                "sha256:8676b788e32f02ab42d9e7c61324048ae4c6d844a399eebace3d4979d75ceef4",
                "sha256:a1514509136dd0b477638fc68d6a91497af5076466ad0fa6c338e44e359944af"
            ],
            "markers": "python_version >= '3.9'",
            "version": "==4.14.0"
        },
        "urllib3": {
            "hashes": [
                "sha256:3fc47733c7e419d4bc3f6b3dc2b4f890bb743906a30d56ba4a5bfa4bbff92760",
                "sha256:e6b01673c0fa6a13e374b50871808eb3bf7046c4b125b216f6bf1cc604cff0dc"
            ],
            "index": "pypi",
            "markers": "python_version >= '3.9'",
            "version": "==2.5.0"
        },
        "virtualenv": {
            "hashes": [
                "sha256:36efd0d9650ee985f0cad72065001e66d49a6f24eb44d98980f630686243cf11",
                "sha256:e10c0a9d02835e592521be48b332b6caee6887f332c111aa79a09b9e79efc2af"
            ],
            "markers": "python_version >= '3.8'",
            "version": "==20.31.2"
        },
        "wheel": {
            "hashes": [
                "sha256:661e1abd9198507b1409a20c02106d9670b2576e916d58f520316666abca6729",
                "sha256:708e7481cc80179af0e556bbf0cc00b8444c7321e2700b8d8580231d13017248"
            ],
            "index": "pypi",
            "markers": "python_version >= '3.8'",
            "version": "==0.45.1"
        }
    }
}
